{
  "name": "Assignment 3",
  "lockfileVersion": 3,
  "requires": true,
  "packages": {
    "": {
      "dependencies": {
        "@babylonjs/gui": "^8.0.1"
      }
    },
    "node_modules/@babylonjs/core": {
      "version": "8.0.1",
      "resolved": "https://registry.npmjs.org/@babylonjs/core/-/core-8.0.1.tgz",
      "integrity": "sha512-00XJJgKJSLPY9eOE4MPZWqSxtifZS0oiKZyHKmybnXdYDtXCmh4ehyL2vguaE8MP1lqQEJ7RTC7gqP7ru/7vjw==",
      "license": "Apache-2.0",
      "peer": true
    },
    "node_modules/@babylonjs/gui": {
      "version": "8.0.1",
      "resolved": "https://registry.npmjs.org/@babylonjs/gui/-/gui-8.0.1.tgz",
      "integrity": "sha512-716OQHg4h9lebh0N/XT41dBgmh763FCRd6tWhQAnPv1gFfMmI8MksT+bT/nK8wREmnLruNGu3s/1i0YvlUkBxQ==",
      "license": "Apache-2.0",
      "peerDependencies": {
        "@babylonjs/core": "^8.0.0"
      }
    }
  }
}
